
Microsoft Visual Studio Solution File, Format Version 12.00
# Visual Studio Version 17
VisualStudioVersion = 17.14.36408.4
MinimumVisualStudioVersion = 10.0.40219.1
Project("{FAE04EC0-301F-11D3-BF4B-00C04F79EFBC}") = "GestaoClientes", "GestaoClientes.csproj", "{B8CAB8F6-07CF-4615-B872-E3EF4AE67BF1}"
EndProject
Project("{FAE04EC0-301F-11D3-BF4B-00C04F79EFBC}") = "Testes", "..\Testes\Testes.csproj", "{5D2A11EB-5327-4BE3-AC2A-7D52FAE4B96A}"
EndProject
Global
	GlobalSection(SolutionConfigurationPlatforms) = preSolution
		Debug|Any CPU = Debug|Any CPU
		Release|Any CPU = Release|Any CPU
	EndGlobalSection
	GlobalSection(ProjectConfigurationPlatforms) = postSolution
		{B8CAB8F6-07CF-4615-B872-E3EF4AE67BF1}.Debug|Any CPU.ActiveCfg = Debug|Any CPU
		{B8CAB8F6-07CF-4615-B872-E3EF4AE67BF1}.Debug|Any CPU.Build.0 = Debug|Any CPU
		{B8CAB8F6-07CF-4615-B872-E3EF4AE67BF1}.Release|Any CPU.ActiveCfg = Release|Any CPU
		{B8CAB8F6-07CF-4615-B872-E3EF4AE67BF1}.Release|Any CPU.Build.0 = Release|Any CPU
		{5D2A11EB-5327-4BE3-AC2A-7D52FAE4B96A}.Debug|Any CPU.ActiveCfg = Debug|Any CPU
		{5D2A11EB-5327-4BE3-AC2A-7D52FAE4B96A}.Debug|Any CPU.Build.0 = Debug|Any CPU
		{5D2A11EB-5327-4BE3-AC2A-7D52FAE4B96A}.Release|Any CPU.ActiveCfg = Release|Any CPU
		{5D2A11EB-5327-4BE3-AC2A-7D52FAE4B96A}.Release|Any CPU.Build.0 = Release|Any CPU
	EndGlobalSection
	GlobalSection(SolutionProperties) = preSolution
		HideSolutionNode = FALSE
	EndGlobalSection
	GlobalSection(ExtensibilityGlobals) = postSolution
		SolutionGuid = {FE180FBF-D516-4F1D-8267-38824B5F955A}
	EndGlobalSection
EndGlobal
